// !$*UTF8*$!
{
	archiveVersion = 1;
	classes = {
	};
	objectVersion = 50;
	objects = {

/* Begin PBXBuildFile section */
		388C282725EF98950012B952 /* AppDelegate.swift in Sources */ = {isa = PBXBuildFile; fileRef = 388C282625EF98950012B952 /* AppDelegate.swift */; };
		388C282925EF98960012B952 /* SceneDelegate.swift in Sources */ = {isa = PBXBuildFile; fileRef = 388C282825EF98960012B952 /* SceneDelegate.swift */; };
		388C282B25EF98960012B952 /* CalculateViewController.swift in Sources */ = {isa = PBXBuildFile; fileRef = 388C282A25EF98960012B952 /* CalculateViewController.swift */; };
		388C282E25EF98960012B952 /* Main.storyboard in Resources */ = {isa = PBXBuildFile; fileRef = 388C282C25EF98960012B952 /* Main.storyboard */; };
		388C283025EF98960012B952 /* Assets.xcassets in Resources */ = {isa = PBXBuildFile; fileRef = 388C282F25EF98960012B952 /* Assets.xcassets */; };
		388C283325EF98960012B952 /* LaunchScreen.storyboard in Resources */ = {isa = PBXBuildFile; fileRef = 388C283125EF98960012B952 /* LaunchScreen.storyboard */; };
		388C285F25EFB46B0012B952 /* ResultViewController.swift in Sources */ = {isa = PBXBuildFile; fileRef = 388C285E25EFB46B0012B952 /* ResultViewController.swift */; };
		388C286325EFC1420012B952 /* CalcilatorBrain.swift in Sources */ = {isa = PBXBuildFile; fileRef = 388C286225EFC1420012B952 /* CalcilatorBrain.swift */; };
		388C287A25F0C45E0012B952 /* BMI.swift in Sources */ = {isa = PBXBuildFile; fileRef = 388C287925F0C45E0012B952 /* BMI.swift */; };
/* End PBXBuildFile section */

/* Begin PBXFileReference section */
		388C282325EF98950012B952 /* BMI_calculator.app */ = {isa = PBXFileReference; explicitFileType = wrapper.application; includeInIndex = 0; path = BMI_calculator.app; sourceTree = BUILT_PRODUCTS_DIR; };
		388C282625EF98950012B952 /* AppDelegate.swift */ = {isa = PBXFileReference; lastKnownFileType = sourcecode.swift; path = AppDelegate.swift; sourceTree = "<group>"; };
		388C282825EF98960012B952 /* SceneDelegate.swift */ = {isa = PBXFileReference; lastKnownFileType = sourcecode.swift; path = SceneDelegate.swift; sourceTree = "<group>"; };
		388C282A25EF98960012B952 /* CalculateViewController.swift */ = {isa = PBXFileReference; lastKnownFileType = sourcecode.swift; path = CalculateViewController.swift; sourceTree = "<group>"; };
		388C282D25EF98960012B952 /* Base */ = {isa = PBXFileReference; lastKnownFileType = file.storyboard; name = Base; path = Base.lproj/Main.storyboard; sourceTree = "<group>"; };
		388C282F25EF98960012B952 /* Assets.xcassets */ = {isa = PBXFileReference; lastKnownFileType = folder.assetcatalog; path = Assets.xcassets; sourceTree = "<group>"; };
		388C283225EF98960012B952 /* Base */ = {isa = PBXFileReference; lastKnownFileType = file.storyboard; name = Base; path = Base.lproj/LaunchScreen.storyboard; sourceTree = "<group>"; };
		388C283425EF98960012B952 /* Info.plist */ = {isa = PBXFileReference; lastKnownFileType = text.plist.xml; path = Info.plist; sourceTree = "<group>"; };
		388C285E25EFB46B0012B952 /* ResultViewController.swift */ = {isa = PBXFileReference; lastKnownFileType = sourcecode.swift; path = ResultViewController.swift; sourceTree = "<group>"; };
		388C286225EFC1420012B952 /* CalcilatorBrain.swift */ = {isa = PBXFileReference; lastKnownFileType = sourcecode.swift; path = CalcilatorBrain.swift; sourceTree = "<group>"; };
		388C287925F0C45E0012B952 /* BMI.swift */ = {isa = PBXFileReference; lastKnownFileType = sourcecode.swift; path = BMI.swift; sourceTree = "<group>"; };
/* End PBXFileReference section */

/* Begin PBXFrameworksBuildPhase section */
		388C282025EF98950012B952 /* Frameworks */ = {
			isa = PBXFrameworksBuildPhase;
			buildActionMask = 2147483647;
			files = (
			);
			runOnlyForDeploymentPostprocessing = 0;
		};
/* End PBXFrameworksBuildPhase section */

/* Begin PBXGroup section */
		388C281A25EF98950012B952 = {
			isa = PBXGroup;
			children = (
				388C282525EF98950012B952 /* BMI_calculator */,
				388C282425EF98950012B952 /* Products */,
			);
			sourceTree = "<group>";
		};
		388C282425EF98950012B952 /* Products */ = {
			isa = PBXGroup;
			children = (
				388C282325EF98950012B952 /* BMI_calculator.app */,
			);
			name = Products;
			sourceTree = "<group>";
		};
		388C282525EF98950012B952 /* BMI_calculator */ = {
			isa = PBXGroup;
			children = (
				388C283E25EF98D00012B952 /* Controller */,
				388C283D25EF98CB0012B952 /* View */,
				388C283C25EF98BA0012B952 /* Model */,
				388C282625EF98950012B952 /* AppDelegate.swift */,
				388C282825EF98960012B952 /* SceneDelegate.swift */,
				388C282F25EF98960012B952 /* Assets.xcassets */,
				388C283125EF98960012B952 /* LaunchScreen.storyboard */,
				388C283425EF98960012B952 /* Info.plist */,
			);
			path = BMI_calculator;
			sourceTree = "<group>";
		};
		388C283C25EF98BA0012B952 /* Model */ = {
			isa = PBXGroup;
			children = (
				388C286225EFC1420012B952 /* CalcilatorBrain.swift */,
				388C287925F0C45E0012B952 /* BMI.swift */,
			);
			path = Model;
			sourceTree = "<group>";
		};
		388C283D25EF98CB0012B952 /* View */ = {
			isa = PBXGroup;
			children = (
				388C282C25EF98960012B952 /* Main.storyboard */,
			);
			path = View;
			sourceTree = "<group>";
		};
		388C283E25EF98D00012B952 /* Controller */ = {
			isa = PBXGroup;
			children = (
				388C282A25EF98960012B952 /* CalculateViewController.swift */,
				388C285E25EFB46B0012B952 /* ResultViewController.swift */,
			);
			path = Controller;
			sourceTree = "<group>";
		};
/* End PBXGroup section */

/* Begin PBXNativeTarget section */
		388C282225EF98950012B952 /* BMI_calculator */ = {
			isa = PBXNativeTarget;
			buildConfigurationList = 388C283725EF98960012B952 /* Build configuration list for PBXNativeTarget "BMI_calculator" */;
			buildPhases = (
				388C281F25EF98950012B952 /* Sources */,
				388C282025EF98950012B952 /* Frameworks */,
				388C282125EF98950012B952 /* Resources */,
			);
			buildRules = (
			);
			dependencies = (
			);
			name = BMI_calculator;
			productName = BMI_calculator;
			productReference = 388C282325EF98950012B952 /* BMI_calculator.app */;
			productType = "com.apple.product-type.application";
		};
/* End PBXNativeTarget section */

/* Begin PBXProject section */
		388C281B25EF98950012B952 /* Project object */ = {
			isa = PBXProject;
			attributes = {
				LastSwiftUpdateCheck = 1230;
				LastUpgradeCheck = 1230;
				TargetAttributes = {
					388C282225EF98950012B952 = {
						CreatedOnToolsVersion = 12.3;
					};
				};
			};
			buildConfigurationList = 388C281E25EF98950012B952 /* Build configuration list for PBXProject "BMI_calculator" */;
			compatibilityVersion = "Xcode 9.3";
			developmentRegion = en;
			hasScannedForEncodings = 0;
			knownRegions = (
				en,
				Base,
			);
			mainGroup = 388C281A25EF98950012B952;
			productRefGroup = 388C282425EF98950012B952 /* Products */;
			projectDirPath = "";
			projectRoot = "";
			targets = (
				388C282225EF98950012B952 /* BMI_calculator */,
			);
		};
/* End PBXProject section */

/* Begin PBXResourcesBuildPhase section */
		388C282125EF98950012B952 /* Resources */ = {
			isa = PBXResourcesBuildPhase;
			buildActionMask = 2147483647;
			files = (
				388C283325EF98960012B952 /* LaunchScreen.storyboard in Resources */,
				388C283025EF98960012B952 /* Assets.xcassets in Resources */,
				388C282E25EF98960012B952 /* Main.storyboard in Resources */,
			);
			runOnlyForDeploymentPostprocessing = 0;
		};
/* End PBXResourcesBuildPhase section */

/* Begin PBXSourcesBuildPhase section */
		388C281F25EF98950012B952 /* Sources */ = {
			isa = PBXSourcesBuildPhase;
			buildActionMask = 2147483647;
			files = (
				388C282B25EF98960012B952 /* CalculateViewController.swift in Sources */,
				388C282725EF98950012B952 /* AppDelegate.swift in Sources */,
				388C282925EF98960012B952 /* SceneDelegate.swift in Sources */,
				388C286325EFC1420012B952 /* CalcilatorBrain.swift in Sources */,
				388C287A25F0C45E0012B952 /* BMI.swift in Sources */,
				388C285F25EFB46B0012B952 /* ResultViewController.swift in Sources */,
			);
			runOnlyForDeploymentPostprocessing = 0;
		};
/* End PBXSourcesBuildPhase section */

/* Begin PBXVariantGroup section */
		388C282C25EF98960012B952 /* Main.storyboard */ = {
			isa = PBXVariantGroup;
			children = (
				388C282D25EF98960012B952 /* Base */,
			);
			name = Main.storyboard;
			sourceTree = "<group>";
		};
		388C283125EF98960012B952 /* LaunchScreen.storyboard */ = {
			isa = PBXVariantGroup;
			children = (
				388C283225EF98960012B952 /* Base */,
			);
			name = LaunchScreen.storyboard;
			sourceTree = "<group>";
		};
/* End PBXVariantGroup section */

/* Begin XCBuildConfiguration section */
		388C283525EF98960012B952 /* Debug */ = {
			isa = XCBuildConfiguration;
			buildSettings = {
				ALWAYS_SEARCH_USER_PATHS = NO;
				CLANG_ANALYZER_NONNULL = YES;
				CLANG_ANALYZER_NUMBER_OBJECT_CONVERSION = YES_AGGRESSIVE;
				CLANG_CXX_LANGUAGE_STANDARD = "gnu++14";
				CLANG_CXX_LIBRARY = "libc++";
				CLANG_ENABLE_MODULES = YES;
				CLANG_ENABLE_OBJC_ARC = YES;
				CLANG_ENABLE_OBJC_WEAK = YES;
				CLANG_WARN_BLOCK_CAPTURE_AUTORELEASING = YES;
				CLANG_WARN_BOOL_CONVERSION = YES;
				CLANG_WARN_COMMA = YES;
				CLANG_WARN_CONSTANT_CONVERSION = YES;
				CLANG_WARN_DEPRECATED_OBJC_IMPLEMENTATIONS = YES;
				CLANG_WARN_DIRECT_OBJC_ISA_USAGE = YES_ERROR;
				CLANG_WARN_DOCUMENTATION_COMMENTS = YES;
				CLANG_WARN_EMPTY_BODY = YES;
				CLANG_WARN_ENUM_CONVERSION = YES;
				CLANG_WARN_INFINITE_RECURSION = YES;
				CLANG_WARN_INT_CONVERSION = YES;
				CLANG_WARN_NON_LITERAL_NULL_CONVERSION = YES;
				CLANG_WARN_OBJC_IMPLICIT_RETAIN_SELF = YES;
				CLANG_WARN_OBJC_LITERAL_CONVERSION = YES;
				CLANG_WARN_OBJC_ROOT_CLASS = YES_ERROR;
				CLANG_WARN_QUOTED_INCLUDE_IN_FRAMEWORK_HEADER = YES;
				CLANG_WARN_RANGE_LOOP_ANALYSIS = YES;
				CLANG_WARN_STRICT_PROTOTYPES = YES;
				CLANG_WARN_SUSPICIOUS_MOVE = YES;
				CLANG_WARN_UNGUARDED_AVAILABILITY = YES_AGGRESSIVE;
				CLANG_WARN_UNREACHABLE_CODE = YES;
				CLANG_WARN__DUPLICATE_METHOD_MATCH = YES;
				COPY_PHASE_STRIP = NO;
				DEBUG_INFORMATION_FORMAT = dwarf;
				ENABLE_STRICT_OBJC_MSGSEND = YES;
				ENABLE_TESTABILITY = YES;
				GCC_C_LANGUAGE_STANDARD = gnu11;
				GCC_DYNAMIC_NO_PIC = NO;
				GCC_NO_COMMON_BLOCKS = YES;
				GCC_OPTIMIZATION_LEVEL = 0;
				GCC_PREPROCESSOR_DEFINITIONS = (
					"DEBUG=1",
					"$(inherited)",
				);
				GCC_WARN_64_TO_32_BIT_CONVERSION = YES;
				GCC_WARN_ABOUT_RETURN_TYPE = YES_ERROR;
				GCC_WARN_UNDECLARED_SELECTOR = YES;
				GCC_WARN_UNINITIALIZED_AUTOS = YES_AGGRESSIVE;
				GCC_WARN_UNUSED_FUNCTION = YES;
				GCC_WARN_UNUSED_VARIABLE = YES;
				IPHONEOS_DEPLOYMENT_TARGET = 14.3;
				MTL_ENABLE_DEBUG_INFO = INCLUDE_SOURCE;
				MTL_FAST_MATH = YES;
				ONLY_ACTIVE_ARCH = YES;
				SDKROOT = iphoneos;
				SWIFT_ACTIVE_COMPILATION_CONDITIONS = DEBUG;
				SWIFT_OPTIMIZATION_LEVEL = "-Onone";
			};
			name = Debug;
		};
		388C283625EF98960012B952 /* Release */ = {
			isa = XCBuildConfiguration;
			buildSettings = {
				ALWAYS_SEARCH_USER_PATHS = NO;
				CLANG_ANALYZER_NONNULL = YES;
				CLANG_ANALYZER_NUMBER_OBJECT_CONVERSION = YES_AGGRESSIVE;
				CLANG_CXX_LANGUAGE_STANDARD = "gnu++14";
				CLANG_CXX_LIBRARY = "libc++";
				CLANG_ENABLE_MODULES = YES;
				CLANG_ENABLE_OBJC_ARC = YES;
				CLANG_ENABLE_OBJC_WEAK = YES;
				CLANG_WARN_BLOCK_CAPTURE_AUTORELEASING = YES;
				CLANG_WARN_BOOL_CONVERSION = YES;
				CLANG_WARN_COMMA = YES;
				CLANG_WARN_CONSTANT_CONVERSION = YES;
				CLANG_WARN_DEPRECATED_OBJC_IMPLEMENTATIONS = YES;
				CLANG_WARN_DIRECT_OBJC_ISA_USAGE = YES_ERROR;
				CLANG_WARN_DOCUMENTATION_COMMENTS = YES;
				CLANG_WARN_EMPTY_BODY = YES;
				CLANG_WARN_ENUM_CONVERSION = YES;
				CLANG_WARN_INFINITE_RECURSION = YES;
				CLANG_WARN_INT_CONVERSION = YES;
				CLANG_WARN_NON_LITERAL_NULL_CONVERSION = YES;
				CLANG_WARN_OBJC_IMPLICIT_RETAIN_SELF = YES;
				CLANG_WARN_OBJC_LITERAL_CONVERSION = YES;
				CLANG_WARN_OBJC_ROOT_CLASS = YES_ERROR;
				CLANG_WARN_QUOTED_INCLUDE_IN_FRAMEWORK_HEADER = YES;
				CLANG_WARN_RANGE_LOOP_ANALYSIS = YES;
				CLANG_WARN_STRICT_PROTOTYPES = YES;
				CLANG_WARN_SUSPICIOUS_MOVE = YES;
				CLANG_WARN_UNGUARDED_AVAILABILITY = YES_AGGRESSIVE;
				CLANG_WARN_UNREACHABLE_CODE = YES;
				CLANG_WARN__DUPLICATE_METHOD_MATCH = YES;
				COPY_PHASE_STRIP = NO;
				DEBUG_INFORMATION_FORMAT = "dwarf-with-dsym";
				ENABLE_NS_ASSERTIONS = NO;
				ENABLE_STRICT_OBJC_MSGSEND = YES;
				GCC_C_LANGUAGE_STANDARD = gnu11;
				GCC_NO_COMMON_BLOCKS = YES;
				GCC_WARN_64_TO_32_BIT_CONVERSION = YES;
				GCC_WARN_ABOUT_RETURN_TYPE = YES_ERROR;
				GCC_WARN_UNDECLARED_SELECTOR = YES;
				GCC_WARN_UNINITIALIZED_AUTOS = YES_AGGRESSIVE;
				GCC_WARN_UNUSED_FUNCTION = YES;
				GCC_WARN_UNUSED_VARIABLE = YES;
				IPHONEOS_DEPLOYMENT_TARGET = 14.3;
				MTL_ENABLE_DEBUG_INFO = NO;
				MTL_FAST_MATH = YES;
				SDKROOT = iphoneos;
				SWIFT_COMPILATION_MODE = wholemodule;
				SWIFT_OPTIMIZATION_LEVEL = "-O";
				VALIDATE_PRODUCT = YES;
			};
			name = Release;
		};
		388C283825EF98960012B952 /* Debug */ = {
			isa = XCBuildConfiguration;
			buildSettings = {
				ASSETCATALOG_COMPILER_APPICON_NAME = AppIcon;
				ASSETCATALOG_COMPILER_GLOBAL_ACCENT_COLOR_NAME = AccentColor;
				CODE_SIGN_STYLE = Automatic;
				INFOPLIST_FILE = BMI_calculator/Info.plist;
				LD_RUNPATH_SEARCH_PATHS = (
					"$(inherited)",
					"@executable_path/Frameworks",
				);
				PRODUCT_BUNDLE_IDENTIFIER = "annadanilova.BMI-calculator";
				PRODUCT_NAME = "$(TARGET_NAME)";
				SWIFT_VERSION = 5.0;
				TARGETED_DEVICE_FAMILY = "1,2";
			};
			name = Debug;
		};
		388C283925EF98960012B952 /* Release */ = {
			isa = XCBuildConfiguration;
			buildSettings = {
				ASSETCATALOG_COMPILER_APPICON_NAME = AppIcon;
				ASSETCATALOG_COMPILER_GLOBAL_ACCENT_COLOR_NAME = AccentColor;
				CODE_SIGN_STYLE = Automatic;
				INFOPLIST_FILE = BMI_calculator/Info.plist;
				LD_RUNPATH_SEARCH_PATHS = (
					"$(inherited)",
					"@executable_path/Frameworks",
				);
				PRODUCT_BUNDLE_IDENTIFIER = "annadanilova.BMI-calculator";
				PRODUCT_NAME = "$(TARGET_NAME)";
				SWIFT_VERSION = 5.0;
				TARGETED_DEVICE_FAMILY = "1,2";
			};
			name = Release;
		};
/* End XCBuildConfiguration section */

/* Begin XCConfigurationList section */
		388C281E25EF98950012B952 /* Build configuration list for PBXProject "BMI_calculator" */ = {
			isa = XCConfigurationList;
			buildConfigurations = (
				388C283525EF98960012B952 /* Debug */,
				388C283625EF98960012B952 /* Release */,
			);
			defaultConfigurationIsVisible = 0;
			defaultConfigurationName = Release;
		};
		388C283725EF98960012B952 /* Build configuration list for PBXNativeTarget "BMI_calculator" */ = {
			isa = XCConfigurationList;
			buildConfigurations = (
				388C283825EF98960012B952 /* Debug */,
				388C283925EF98960012B952 /* Release */,
			);
			defaultConfigurationIsVisible = 0;
			defaultConfigurationName = Release;
		};
/* End XCConfigurationList section */
	};
	rootObject = 388C281B25EF98950012B952 /* Project object */;
}
